
Microsoft Visual Studio Solution File, Format Version 12.00
# Visual Studio Version 16
VisualStudioVersion = 16.0.29519.181
MinimumVisualStudioVersion = 10.0.40219.1
Project("{FAE04EC0-301F-11D3-BF4B-00C04F79EFBC}") = "MyHome_v0.2", "MyHome_v0.2\MyHome_v0.2.csproj", "{7DC8AFBB-33D5-40D1-8F32-ABBF4E6DF45D}"
EndProject
Project("{FAE04EC0-301F-11D3-BF4B-00C04F79EFBC}") = "MyHomeDataAccess", "MyHomeDataAccess\MyHomeDataAccess.csproj", "{39F219DD-8D18-444B-BB57-B60A885B7014}"
EndProject
Global
	GlobalSection(SolutionConfigurationPlatforms) = preSolution
		Debug|Any CPU = Debug|Any CPU
		Release|Any CPU = Release|Any CPU
	EndGlobalSection
	GlobalSection(ProjectConfigurationPlatforms) = postSolution
		{7DC8AFBB-33D5-40D1-8F32-ABBF4E6DF45D}.Debug|Any CPU.ActiveCfg = Debug|Any CPU
		{7DC8AFBB-33D5-40D1-8F32-ABBF4E6DF45D}.Debug|Any CPU.Build.0 = Debug|Any CPU
		{7DC8AFBB-33D5-40D1-8F32-ABBF4E6DF45D}.Release|Any CPU.ActiveCfg = Release|Any CPU
		{7DC8AFBB-33D5-40D1-8F32-ABBF4E6DF45D}.Release|Any CPU.Build.0 = Release|Any CPU
		{39F219DD-8D18-444B-BB57-B60A885B7014}.Debug|Any CPU.ActiveCfg = Debug|Any CPU
		{39F219DD-8D18-444B-BB57-B60A885B7014}.Debug|Any CPU.Build.0 = Debug|Any CPU
		{39F219DD-8D18-444B-BB57-B60A885B7014}.Release|Any CPU.ActiveCfg = Release|Any CPU
		{39F219DD-8D18-444B-BB57-B60A885B7014}.Release|Any CPU.Build.0 = Release|Any CPU
	EndGlobalSection
	GlobalSection(SolutionProperties) = preSolution
		HideSolutionNode = FALSE
	EndGlobalSection
	GlobalSection(ExtensibilityGlobals) = postSolution
		SolutionGuid = {FB9A47FA-05CF-4CFC-9733-76D6675153A3}
	EndGlobalSection
EndGlobal
